// !$*UTF8*$!
{
	archiveVersion = 1;
	classes = {
	};
	objectVersion = 55;
	objects = {

/* Begin PBXBuildFile section */
		750B91CD27B016CC00FD5F8E /* VideoDetailsView.swift in Sources */ = {isa = PBXBuildFile; fileRef = 750B91CC27B016CC00FD5F8E /* VideoDetailsView.swift */; };
		752433B327B78C290022B046 /* PullToRefresh.swift in Sources */ = {isa = PBXBuildFile; fileRef = 752433B227B78C290022B046 /* PullToRefresh.swift */; };
		752433B627B792510022B046 /* FilterTextUsingSearch.swift in Sources */ = {isa = PBXBuildFile; fileRef = 752433B527B792510022B046 /* FilterTextUsingSearch.swift */; };
		752F955D27B7F87400F2AD0B /* ClickableRowList.swift in Sources */ = {isa = PBXBuildFile; fileRef = 752F955C27B7F87400F2AD0B /* ClickableRowList.swift */; };
		752F956027B7FC6800F2AD0B /* AutoScrollToRowInList.swift in Sources */ = {isa = PBXBuildFile; fileRef = 752F955F27B7FC6800F2AD0B /* AutoScrollToRowInList.swift */; };
		752F956327B807BF00F2AD0B /* MultipleSelection.swift in Sources */ = {isa = PBXBuildFile; fileRef = 752F956227B807BF00F2AD0B /* MultipleSelection.swift */; };
		753244F027AE4D89009994A3 /* LIstViewSwiftUIApp.swift in Sources */ = {isa = PBXBuildFile; fileRef = 753244EF27AE4D89009994A3 /* LIstViewSwiftUIApp.swift */; };
		753244F227AE4D89009994A3 /* ContentView.swift in Sources */ = {isa = PBXBuildFile; fileRef = 753244F127AE4D89009994A3 /* ContentView.swift */; };
		753244F427AE4D8A009994A3 /* Assets.xcassets in Resources */ = {isa = PBXBuildFile; fileRef = 753244F327AE4D8A009994A3 /* Assets.xcassets */; };
		753244F727AE4D8A009994A3 /* Preview Assets.xcassets in Resources */ = {isa = PBXBuildFile; fileRef = 753244F627AE4D8A009994A3 /* Preview Assets.xcassets */; };
		75A638EA27AFA0FA000F8F7E /* Video.swift in Sources */ = {isa = PBXBuildFile; fileRef = 75A638E927AFA0FA000F8F7E /* Video.swift */; };
		75B2073A27AECB0500967B31 /* VideoListView.swift in Sources */ = {isa = PBXBuildFile; fileRef = 75B2073927AECB0500967B31 /* VideoListView.swift */; };
		75CE5F3527C9D856001E4856 /* CollapsibleList.swift in Sources */ = {isa = PBXBuildFile; fileRef = 75CE5F3427C9D856001E4856 /* CollapsibleList.swift */; };
		75CE5F3827C9F0E3001E4856 /* InfinitScrolling.swift in Sources */ = {isa = PBXBuildFile; fileRef = 75CE5F3727C9F0E3001E4856 /* InfinitScrolling.swift */; };
		75CE5F3B27C9F11F001E4856 /* NumbersListViewModel.swift in Sources */ = {isa = PBXBuildFile; fileRef = 75CE5F3A27C9F11F001E4856 /* NumbersListViewModel.swift */; };
		75CE5F3E27C9F94E001E4856 /* CheckBoxList.swift in Sources */ = {isa = PBXBuildFile; fileRef = 75CE5F3D27C9F94E001E4856 /* CheckBoxList.swift */; };
		75D52A8627B2D50600B14830 /* ListCURDOperation.swift in Sources */ = {isa = PBXBuildFile; fileRef = 75D52A8527B2D50600B14830 /* ListCURDOperation.swift */; };
/* End PBXBuildFile section */

/* Begin PBXFileReference section */
		750B91CC27B016CC00FD5F8E /* VideoDetailsView.swift */ = {isa = PBXFileReference; lastKnownFileType = sourcecode.swift; path = VideoDetailsView.swift; sourceTree = "<group>"; };
		752433B227B78C290022B046 /* PullToRefresh.swift */ = {isa = PBXFileReference; lastKnownFileType = sourcecode.swift; path = PullToRefresh.swift; sourceTree = "<group>"; };
		752433B527B792510022B046 /* FilterTextUsingSearch.swift */ = {isa = PBXFileReference; lastKnownFileType = sourcecode.swift; path = FilterTextUsingSearch.swift; sourceTree = "<group>"; };
		752F955C27B7F87400F2AD0B /* ClickableRowList.swift */ = {isa = PBXFileReference; lastKnownFileType = sourcecode.swift; path = ClickableRowList.swift; sourceTree = "<group>"; };
		752F955F27B7FC6800F2AD0B /* AutoScrollToRowInList.swift */ = {isa = PBXFileReference; lastKnownFileType = sourcecode.swift; path = AutoScrollToRowInList.swift; sourceTree = "<group>"; };
		752F956227B807BF00F2AD0B /* MultipleSelection.swift */ = {isa = PBXFileReference; lastKnownFileType = sourcecode.swift; path = MultipleSelection.swift; sourceTree = "<group>"; };
		753244EC27AE4D89009994A3 /* LIstViewSwiftUI.app */ = {isa = PBXFileReference; explicitFileType = wrapper.application; includeInIndex = 0; path = LIstViewSwiftUI.app; sourceTree = BUILT_PRODUCTS_DIR; };
		753244EF27AE4D89009994A3 /* LIstViewSwiftUIApp.swift */ = {isa = PBXFileReference; lastKnownFileType = sourcecode.swift; path = LIstViewSwiftUIApp.swift; sourceTree = "<group>"; };
		753244F127AE4D89009994A3 /* ContentView.swift */ = {isa = PBXFileReference; lastKnownFileType = sourcecode.swift; path = ContentView.swift; sourceTree = "<group>"; };
		753244F327AE4D8A009994A3 /* Assets.xcassets */ = {isa = PBXFileReference; lastKnownFileType = folder.assetcatalog; path = Assets.xcassets; sourceTree = "<group>"; };
		753244F627AE4D8A009994A3 /* Preview Assets.xcassets */ = {isa = PBXFileReference; lastKnownFileType = folder.assetcatalog; path = "Preview Assets.xcassets"; sourceTree = "<group>"; };
		75A638E927AFA0FA000F8F7E /* Video.swift */ = {isa = PBXFileReference; lastKnownFileType = sourcecode.swift; path = Video.swift; sourceTree = "<group>"; };
		75B2073927AECB0500967B31 /* VideoListView.swift */ = {isa = PBXFileReference; lastKnownFileType = sourcecode.swift; path = VideoListView.swift; sourceTree = "<group>"; };
		75CE5F3427C9D856001E4856 /* CollapsibleList.swift */ = {isa = PBXFileReference; lastKnownFileType = sourcecode.swift; path = CollapsibleList.swift; sourceTree = "<group>"; };
		75CE5F3727C9F0E3001E4856 /* InfinitScrolling.swift */ = {isa = PBXFileReference; lastKnownFileType = sourcecode.swift; path = InfinitScrolling.swift; sourceTree = "<group>"; };
		75CE5F3A27C9F11F001E4856 /* NumbersListViewModel.swift */ = {isa = PBXFileReference; lastKnownFileType = sourcecode.swift; path = NumbersListViewModel.swift; sourceTree = "<group>"; };
		75CE5F3D27C9F94E001E4856 /* CheckBoxList.swift */ = {isa = PBXFileReference; lastKnownFileType = sourcecode.swift; path = CheckBoxList.swift; sourceTree = "<group>"; };
		75D52A8527B2D50600B14830 /* ListCURDOperation.swift */ = {isa = PBXFileReference; lastKnownFileType = sourcecode.swift; path = ListCURDOperation.swift; sourceTree = "<group>"; };
/* End PBXFileReference section */

/* Begin PBXFrameworksBuildPhase section */
		753244E927AE4D89009994A3 /* Frameworks */ = {
			isa = PBXFrameworksBuildPhase;
			buildActionMask = 2147483647;
			files = (
			);
			runOnlyForDeploymentPostprocessing = 0;
		};
/* End PBXFrameworksBuildPhase section */

/* Begin PBXGroup section */
		750B91CE27B02E2500FD5F8E /* Udemy */ = {
			isa = PBXGroup;
			children = (
				75CE5F3C27C9F93A001E4856 /* CheckBox */,
				75CE5F3627C9F0AD001E4856 /* APICallScrollInfinite */,
				75CE5F3327C9D81A001E4856 /* Colapsible */,
				752F956127B8078500F2AD0B /* MulitipleSelection */,
				752F955E27B7FC2E00F2AD0B /* AutoScrollSpecificRow */,
				752F955B27B7F83900F2AD0B /* ClickableRow */,
				752433B427B7921B0022B046 /* ListSearachFilter */,
				752433B027B78B9A0022B046 /* ListPullToRefresh */,
			);
			path = Udemy;
			sourceTree = "<group>";
		};
		752433B027B78B9A0022B046 /* ListPullToRefresh */ = {
			isa = PBXGroup;
			children = (
				752433B227B78C290022B046 /* PullToRefresh.swift */,
			);
			path = ListPullToRefresh;
			sourceTree = "<group>";
		};
		752433B127B78BCA0022B046 /* LIstVideoDisplayAnddetails */ = {
			isa = PBXGroup;
			children = (
				75A638E927AFA0FA000F8F7E /* Video.swift */,
				750B91CC27B016CC00FD5F8E /* VideoDetailsView.swift */,
				75B2073927AECB0500967B31 /* VideoListView.swift */,
			);
			path = LIstVideoDisplayAnddetails;
			sourceTree = "<group>";
		};
		752433B427B7921B0022B046 /* ListSearachFilter */ = {
			isa = PBXGroup;
			children = (
				752433B527B792510022B046 /* FilterTextUsingSearch.swift */,
			);
			path = ListSearachFilter;
			sourceTree = "<group>";
		};
		752F955B27B7F83900F2AD0B /* ClickableRow */ = {
			isa = PBXGroup;
			children = (
				752F955C27B7F87400F2AD0B /* ClickableRowList.swift */,
			);
			path = ClickableRow;
			sourceTree = "<group>";
		};
		752F955E27B7FC2E00F2AD0B /* AutoScrollSpecificRow */ = {
			isa = PBXGroup;
			children = (
				752F955F27B7FC6800F2AD0B /* AutoScrollToRowInList.swift */,
			);
			path = AutoScrollSpecificRow;
			sourceTree = "<group>";
		};
		752F956127B8078500F2AD0B /* MulitipleSelection */ = {
			isa = PBXGroup;
			children = (
				752F956227B807BF00F2AD0B /* MultipleSelection.swift */,
			);
			path = MulitipleSelection;
			sourceTree = "<group>";
		};
		753244E327AE4D89009994A3 = {
			isa = PBXGroup;
			children = (
				753244EE27AE4D89009994A3 /* LIstViewSwiftUI */,
				753244ED27AE4D89009994A3 /* Products */,
			);
			sourceTree = "<group>";
		};
		753244ED27AE4D89009994A3 /* Products */ = {
			isa = PBXGroup;
			children = (
				753244EC27AE4D89009994A3 /* LIstViewSwiftUI.app */,
			);
			name = Products;
			sourceTree = "<group>";
		};
		753244EE27AE4D89009994A3 /* LIstViewSwiftUI */ = {
			isa = PBXGroup;
			children = (
				753244EF27AE4D89009994A3 /* LIstViewSwiftUIApp.swift */,
				753244F127AE4D89009994A3 /* ContentView.swift */,
				75D52A8427B2D4BA00B14830 /* Youtube */,
				750B91CE27B02E2500FD5F8E /* Udemy */,
				753244F327AE4D8A009994A3 /* Assets.xcassets */,
				753244F527AE4D8A009994A3 /* Preview Content */,
			);
			path = LIstViewSwiftUI;
			sourceTree = "<group>";
		};
		753244F527AE4D8A009994A3 /* Preview Content */ = {
			isa = PBXGroup;
			children = (
				753244F627AE4D8A009994A3 /* Preview Assets.xcassets */,
			);
			path = "Preview Content";
			sourceTree = "<group>";
		};
		75CE5F3327C9D81A001E4856 /* Colapsible */ = {
			isa = PBXGroup;
			children = (
				75CE5F3427C9D856001E4856 /* CollapsibleList.swift */,
			);
			path = Colapsible;
			sourceTree = "<group>";
		};
		75CE5F3627C9F0AD001E4856 /* APICallScrollInfinite */ = {
			isa = PBXGroup;
			children = (
				75CE5F3927C9F0FF001E4856 /* Model */,
				75CE5F3727C9F0E3001E4856 /* InfinitScrolling.swift */,
			);
			path = APICallScrollInfinite;
			sourceTree = "<group>";
		};
		75CE5F3927C9F0FF001E4856 /* Model */ = {
			isa = PBXGroup;
			children = (
				75CE5F3A27C9F11F001E4856 /* NumbersListViewModel.swift */,
			);
			path = Model;
			sourceTree = "<group>";
		};
		75CE5F3C27C9F93A001E4856 /* CheckBox */ = {
			isa = PBXGroup;
			children = (
				75CE5F3D27C9F94E001E4856 /* CheckBoxList.swift */,
			);
			path = CheckBox;
			sourceTree = "<group>";
		};
		75D52A8427B2D4BA00B14830 /* Youtube */ = {
			isa = PBXGroup;
			children = (
				752433B127B78BCA0022B046 /* LIstVideoDisplayAnddetails */,
				75D52A8527B2D50600B14830 /* ListCURDOperation.swift */,
			);
			path = Youtube;
			sourceTree = "<group>";
		};
/* End PBXGroup section */

/* Begin PBXNativeTarget section */
		753244EB27AE4D89009994A3 /* LIstViewSwiftUI */ = {
			isa = PBXNativeTarget;
			buildConfigurationList = 753244FA27AE4D8A009994A3 /* Build configuration list for PBXNativeTarget "LIstViewSwiftUI" */;
			buildPhases = (
				753244E827AE4D89009994A3 /* Sources */,
				753244E927AE4D89009994A3 /* Frameworks */,
				753244EA27AE4D89009994A3 /* Resources */,
			);
			buildRules = (
			);
			dependencies = (
			);
			name = LIstViewSwiftUI;
			productName = LIstViewSwiftUI;
			productReference = 753244EC27AE4D89009994A3 /* LIstViewSwiftUI.app */;
			productType = "com.apple.product-type.application";
		};
/* End PBXNativeTarget section */

/* Begin PBXProject section */
		753244E427AE4D89009994A3 /* Project object */ = {
			isa = PBXProject;
			attributes = {
				BuildIndependentTargetsInParallel = 1;
				LastSwiftUpdateCheck = 1320;
				LastUpgradeCheck = 1320;
				TargetAttributes = {
					753244EB27AE4D89009994A3 = {
						CreatedOnToolsVersion = 13.2.1;
					};
				};
			};
			buildConfigurationList = 753244E727AE4D89009994A3 /* Build configuration list for PBXProject "LIstViewSwiftUI" */;
			compatibilityVersion = "Xcode 13.0";
			developmentRegion = en;
			hasScannedForEncodings = 0;
			knownRegions = (
				en,
				Base,
			);
			mainGroup = 753244E327AE4D89009994A3;
			productRefGroup = 753244ED27AE4D89009994A3 /* Products */;
			projectDirPath = "";
			projectRoot = "";
			targets = (
				753244EB27AE4D89009994A3 /* LIstViewSwiftUI */,
			);
		};
/* End PBXProject section */

/* Begin PBXResourcesBuildPhase section */
		753244EA27AE4D89009994A3 /* Resources */ = {
			isa = PBXResourcesBuildPhase;
			buildActionMask = 2147483647;
			files = (
				753244F727AE4D8A009994A3 /* Preview Assets.xcassets in Resources */,
				753244F427AE4D8A009994A3 /* Assets.xcassets in Resources */,
			);
			runOnlyForDeploymentPostprocessing = 0;
		};
/* End PBXResourcesBuildPhase section */

/* Begin PBXSourcesBuildPhase section */
		753244E827AE4D89009994A3 /* Sources */ = {
			isa = PBXSourcesBuildPhase;
			buildActionMask = 2147483647;
			files = (
				753244F227AE4D89009994A3 /* ContentView.swift in Sources */,
				752F955D27B7F87400F2AD0B /* ClickableRowList.swift in Sources */,
				75CE5F3527C9D856001E4856 /* CollapsibleList.swift in Sources */,
				75CE5F3E27C9F94E001E4856 /* CheckBoxList.swift in Sources */,
				752433B327B78C290022B046 /* PullToRefresh.swift in Sources */,
				75D52A8627B2D50600B14830 /* ListCURDOperation.swift in Sources */,
				752F956027B7FC6800F2AD0B /* AutoScrollToRowInList.swift in Sources */,
				752F956327B807BF00F2AD0B /* MultipleSelection.swift in Sources */,
				750B91CD27B016CC00FD5F8E /* VideoDetailsView.swift in Sources */,
				75CE5F3827C9F0E3001E4856 /* InfinitScrolling.swift in Sources */,
				75CE5F3B27C9F11F001E4856 /* NumbersListViewModel.swift in Sources */,
				753244F027AE4D89009994A3 /* LIstViewSwiftUIApp.swift in Sources */,
				752433B627B792510022B046 /* FilterTextUsingSearch.swift in Sources */,
				75A638EA27AFA0FA000F8F7E /* Video.swift in Sources */,
				75B2073A27AECB0500967B31 /* VideoListView.swift in Sources */,
			);
			runOnlyForDeploymentPostprocessing = 0;
		};
/* End PBXSourcesBuildPhase section */

/* Begin XCBuildConfiguration section */
		753244F827AE4D8A009994A3 /* Debug */ = {
			isa = XCBuildConfiguration;
			buildSettings = {
				ALWAYS_SEARCH_USER_PATHS = NO;
				CLANG_ANALYZER_NONNULL = YES;
				CLANG_ANALYZER_NUMBER_OBJECT_CONVERSION = YES_AGGRESSIVE;
				CLANG_CXX_LANGUAGE_STANDARD = "gnu++17";
				CLANG_CXX_LIBRARY = "libc++";
				CLANG_ENABLE_MODULES = YES;
				CLANG_ENABLE_OBJC_ARC = YES;
				CLANG_ENABLE_OBJC_WEAK = YES;
				CLANG_WARN_BLOCK_CAPTURE_AUTORELEASING = YES;
				CLANG_WARN_BOOL_CONVERSION = YES;
				CLANG_WARN_COMMA = YES;
				CLANG_WARN_CONSTANT_CONVERSION = YES;
				CLANG_WARN_DEPRECATED_OBJC_IMPLEMENTATIONS = YES;
				CLANG_WARN_DIRECT_OBJC_ISA_USAGE = YES_ERROR;
				CLANG_WARN_DOCUMENTATION_COMMENTS = YES;
				CLANG_WARN_EMPTY_BODY = YES;
				CLANG_WARN_ENUM_CONVERSION = YES;
				CLANG_WARN_INFINITE_RECURSION = YES;
				CLANG_WARN_INT_CONVERSION = YES;
				CLANG_WARN_NON_LITERAL_NULL_CONVERSION = YES;
				CLANG_WARN_OBJC_IMPLICIT_RETAIN_SELF = YES;
				CLANG_WARN_OBJC_LITERAL_CONVERSION = YES;
				CLANG_WARN_OBJC_ROOT_CLASS = YES_ERROR;
				CLANG_WARN_QUOTED_INCLUDE_IN_FRAMEWORK_HEADER = YES;
				CLANG_WARN_RANGE_LOOP_ANALYSIS = YES;
				CLANG_WARN_STRICT_PROTOTYPES = YES;
				CLANG_WARN_SUSPICIOUS_MOVE = YES;
				CLANG_WARN_UNGUARDED_AVAILABILITY = YES_AGGRESSIVE;
				CLANG_WARN_UNREACHABLE_CODE = YES;
				CLANG_WARN__DUPLICATE_METHOD_MATCH = YES;
				COPY_PHASE_STRIP = NO;
				DEBUG_INFORMATION_FORMAT = dwarf;
				ENABLE_STRICT_OBJC_MSGSEND = YES;
				ENABLE_TESTABILITY = YES;
				GCC_C_LANGUAGE_STANDARD = gnu11;
				GCC_DYNAMIC_NO_PIC = NO;
				GCC_NO_COMMON_BLOCKS = YES;
				GCC_OPTIMIZATION_LEVEL = 0;
				GCC_PREPROCESSOR_DEFINITIONS = (
					"DEBUG=1",
					"$(inherited)",
				);
				GCC_WARN_64_TO_32_BIT_CONVERSION = YES;
				GCC_WARN_ABOUT_RETURN_TYPE = YES_ERROR;
				GCC_WARN_UNDECLARED_SELECTOR = YES;
				GCC_WARN_UNINITIALIZED_AUTOS = YES_AGGRESSIVE;
				GCC_WARN_UNUSED_FUNCTION = YES;
				GCC_WARN_UNUSED_VARIABLE = YES;
				IPHONEOS_DEPLOYMENT_TARGET = 15.2;
				MTL_ENABLE_DEBUG_INFO = INCLUDE_SOURCE;
				MTL_FAST_MATH = YES;
				ONLY_ACTIVE_ARCH = YES;
				SDKROOT = iphoneos;
				SWIFT_ACTIVE_COMPILATION_CONDITIONS = DEBUG;
				SWIFT_OPTIMIZATION_LEVEL = "-Onone";
			};
			name = Debug;
		};
		753244F927AE4D8A009994A3 /* Release */ = {
			isa = XCBuildConfiguration;
			buildSettings = {
				ALWAYS_SEARCH_USER_PATHS = NO;
				CLANG_ANALYZER_NONNULL = YES;
				CLANG_ANALYZER_NUMBER_OBJECT_CONVERSION = YES_AGGRESSIVE;
				CLANG_CXX_LANGUAGE_STANDARD = "gnu++17";
				CLANG_CXX_LIBRARY = "libc++";
				CLANG_ENABLE_MODULES = YES;
				CLANG_ENABLE_OBJC_ARC = YES;
				CLANG_ENABLE_OBJC_WEAK = YES;
				CLANG_WARN_BLOCK_CAPTURE_AUTORELEASING = YES;
				CLANG_WARN_BOOL_CONVERSION = YES;
				CLANG_WARN_COMMA = YES;
				CLANG_WARN_CONSTANT_CONVERSION = YES;
				CLANG_WARN_DEPRECATED_OBJC_IMPLEMENTATIONS = YES;
				CLANG_WARN_DIRECT_OBJC_ISA_USAGE = YES_ERROR;
				CLANG_WARN_DOCUMENTATION_COMMENTS = YES;
				CLANG_WARN_EMPTY_BODY = YES;
				CLANG_WARN_ENUM_CONVERSION = YES;
				CLANG_WARN_INFINITE_RECURSION = YES;
				CLANG_WARN_INT_CONVERSION = YES;
				CLANG_WARN_NON_LITERAL_NULL_CONVERSION = YES;
				CLANG_WARN_OBJC_IMPLICIT_RETAIN_SELF = YES;
				CLANG_WARN_OBJC_LITERAL_CONVERSION = YES;
				CLANG_WARN_OBJC_ROOT_CLASS = YES_ERROR;
				CLANG_WARN_QUOTED_INCLUDE_IN_FRAMEWORK_HEADER = YES;
				CLANG_WARN_RANGE_LOOP_ANALYSIS = YES;
				CLANG_WARN_STRICT_PROTOTYPES = YES;
				CLANG_WARN_SUSPICIOUS_MOVE = YES;
				CLANG_WARN_UNGUARDED_AVAILABILITY = YES_AGGRESSIVE;
				CLANG_WARN_UNREACHABLE_CODE = YES;
				CLANG_WARN__DUPLICATE_METHOD_MATCH = YES;
				COPY_PHASE_STRIP = NO;
				DEBUG_INFORMATION_FORMAT = "dwarf-with-dsym";
				ENABLE_NS_ASSERTIONS = NO;
				ENABLE_STRICT_OBJC_MSGSEND = YES;
				GCC_C_LANGUAGE_STANDARD = gnu11;
				GCC_NO_COMMON_BLOCKS = YES;
				GCC_WARN_64_TO_32_BIT_CONVERSION = YES;
				GCC_WARN_ABOUT_RETURN_TYPE = YES_ERROR;
				GCC_WARN_UNDECLARED_SELECTOR = YES;
				GCC_WARN_UNINITIALIZED_AUTOS = YES_AGGRESSIVE;
				GCC_WARN_UNUSED_FUNCTION = YES;
				GCC_WARN_UNUSED_VARIABLE = YES;
				IPHONEOS_DEPLOYMENT_TARGET = 15.2;
				MTL_ENABLE_DEBUG_INFO = NO;
				MTL_FAST_MATH = YES;
				SDKROOT = iphoneos;
				SWIFT_COMPILATION_MODE = wholemodule;
				SWIFT_OPTIMIZATION_LEVEL = "-O";
				VALIDATE_PRODUCT = YES;
			};
			name = Release;
		};
		753244FB27AE4D8A009994A3 /* Debug */ = {
			isa = XCBuildConfiguration;
			buildSettings = {
				ASSETCATALOG_COMPILER_APPICON_NAME = AppIcon;
				ASSETCATALOG_COMPILER_GLOBAL_ACCENT_COLOR_NAME = AccentColor;
				CODE_SIGN_STYLE = Automatic;
				CURRENT_PROJECT_VERSION = 1;
				DEVELOPMENT_ASSET_PATHS = "\"LIstViewSwiftUI/Preview Content\"";
				ENABLE_PREVIEWS = YES;
				GENERATE_INFOPLIST_FILE = YES;
				INFOPLIST_KEY_UIApplicationSceneManifest_Generation = YES;
				INFOPLIST_KEY_UIApplicationSupportsIndirectInputEvents = YES;
				INFOPLIST_KEY_UILaunchScreen_Generation = YES;
				INFOPLIST_KEY_UISupportedInterfaceOrientations_iPad = "UIInterfaceOrientationPortrait UIInterfaceOrientationPortraitUpsideDown UIInterfaceOrientationLandscapeLeft UIInterfaceOrientationLandscapeRight";
				INFOPLIST_KEY_UISupportedInterfaceOrientations_iPhone = "UIInterfaceOrientationPortrait UIInterfaceOrientationLandscapeLeft UIInterfaceOrientationLandscapeRight";
				IPHONEOS_DEPLOYMENT_TARGET = 15.0;
				LD_RUNPATH_SEARCH_PATHS = (
					"$(inherited)",
					"@executable_path/Frameworks",
				);
				MARKETING_VERSION = 1.0;
				PRODUCT_BUNDLE_IDENTIFIER = SK.LIstViewSwiftUI;
				PRODUCT_NAME = "$(TARGET_NAME)";
				SWIFT_EMIT_LOC_STRINGS = YES;
				SWIFT_VERSION = 5.0;
				TARGETED_DEVICE_FAMILY = 1;
			};
			name = Debug;
		};
		753244FC27AE4D8A009994A3 /* Release */ = {
			isa = XCBuildConfiguration;
			buildSettings = {
				ASSETCATALOG_COMPILER_APPICON_NAME = AppIcon;
				ASSETCATALOG_COMPILER_GLOBAL_ACCENT_COLOR_NAME = AccentColor;
				CODE_SIGN_STYLE = Automatic;
				CURRENT_PROJECT_VERSION = 1;
				DEVELOPMENT_ASSET_PATHS = "\"LIstViewSwiftUI/Preview Content\"";
				ENABLE_PREVIEWS = YES;
				GENERATE_INFOPLIST_FILE = YES;
				INFOPLIST_KEY_UIApplicationSceneManifest_Generation = YES;
				INFOPLIST_KEY_UIApplicationSupportsIndirectInputEvents = YES;
				INFOPLIST_KEY_UILaunchScreen_Generation = YES;
				INFOPLIST_KEY_UISupportedInterfaceOrientations_iPad = "UIInterfaceOrientationPortrait UIInterfaceOrientationPortraitUpsideDown UIInterfaceOrientationLandscapeLeft UIInterfaceOrientationLandscapeRight";
				INFOPLIST_KEY_UISupportedInterfaceOrientations_iPhone = "UIInterfaceOrientationPortrait UIInterfaceOrientationLandscapeLeft UIInterfaceOrientationLandscapeRight";
				IPHONEOS_DEPLOYMENT_TARGET = 15.0;
				LD_RUNPATH_SEARCH_PATHS = (
					"$(inherited)",
					"@executable_path/Frameworks",
				);
				MARKETING_VERSION = 1.0;
				PRODUCT_BUNDLE_IDENTIFIER = SK.LIstViewSwiftUI;
				PRODUCT_NAME = "$(TARGET_NAME)";
				SWIFT_EMIT_LOC_STRINGS = YES;
				SWIFT_VERSION = 5.0;
				TARGETED_DEVICE_FAMILY = 1;
			};
			name = Release;
		};
/* End XCBuildConfiguration section */

/* Begin XCConfigurationList section */
		753244E727AE4D89009994A3 /* Build configuration list for PBXProject "LIstViewSwiftUI" */ = {
			isa = XCConfigurationList;
			buildConfigurations = (
				753244F827AE4D8A009994A3 /* Debug */,
				753244F927AE4D8A009994A3 /* Release */,
			);
			defaultConfigurationIsVisible = 0;
			defaultConfigurationName = Release;
		};
		753244FA27AE4D8A009994A3 /* Build configuration list for PBXNativeTarget "LIstViewSwiftUI" */ = {
			isa = XCConfigurationList;
			buildConfigurations = (
				753244FB27AE4D8A009994A3 /* Debug */,
				753244FC27AE4D8A009994A3 /* Release */,
			);
			defaultConfigurationIsVisible = 0;
			defaultConfigurationName = Release;
		};
/* End XCConfigurationList section */
	};
	rootObject = 753244E427AE4D89009994A3 /* Project object */;
}
