// !$*UTF8*$!
{
	archiveVersion = 1;
	classes = {
	};
	objectVersion = 55;
	objects = {

/* Begin PBXBuildFile section */
		0B21FFD40980FD88C2E28444 /* Pods_SwiftKSKPractice.framework in Frameworks */ = {isa = PBXBuildFile; fileRef = 4AA14373EDA86772E7FC66EB /* Pods_SwiftKSKPractice.framework */; };
		7556782A2782F6C20092FE1B /* DescriptionCollectionViewCell.swift in Sources */ = {isa = PBXBuildFile; fileRef = 755678282782F6C20092FE1B /* DescriptionCollectionViewCell.swift */; };
		7556782B2782F6C20092FE1B /* DescriptionCollectionViewCell.xib in Resources */ = {isa = PBXBuildFile; fileRef = 755678292782F6C20092FE1B /* DescriptionCollectionViewCell.xib */; };
		7556782E2782F7370092FE1B /* TitleCollectionReusableView.swift in Sources */ = {isa = PBXBuildFile; fileRef = 7556782C2782F7370092FE1B /* TitleCollectionReusableView.swift */; };
		7556782F2782F7370092FE1B /* TitleCollectionReusableView.xib in Resources */ = {isa = PBXBuildFile; fileRef = 7556782D2782F7370092FE1B /* TitleCollectionReusableView.xib */; };
		7593D66F2781BD5C0044DC29 /* AppDelegate.swift in Sources */ = {isa = PBXBuildFile; fileRef = 7593D66E2781BD5C0044DC29 /* AppDelegate.swift */; };
		7593D6712781BD5C0044DC29 /* SceneDelegate.swift in Sources */ = {isa = PBXBuildFile; fileRef = 7593D6702781BD5C0044DC29 /* SceneDelegate.swift */; };
		7593D6732781BD5C0044DC29 /* ViewController.swift in Sources */ = {isa = PBXBuildFile; fileRef = 7593D6722781BD5C0044DC29 /* ViewController.swift */; };
		7593D6762781BD5C0044DC29 /* Main.storyboard in Resources */ = {isa = PBXBuildFile; fileRef = 7593D6742781BD5C0044DC29 /* Main.storyboard */; };
		7593D6782781BD5D0044DC29 /* Assets.xcassets in Resources */ = {isa = PBXBuildFile; fileRef = 7593D6772781BD5D0044DC29 /* Assets.xcassets */; };
		7593D67B2781BD5D0044DC29 /* LaunchScreen.storyboard in Resources */ = {isa = PBXBuildFile; fileRef = 7593D6792781BD5D0044DC29 /* LaunchScreen.storyboard */; };
/* End PBXBuildFile section */

/* Begin PBXFileReference section */
		3D33FDFF89F83E24C37A25FB /* Pods-SwiftKSKPractice.debug.xcconfig */ = {isa = PBXFileReference; includeInIndex = 1; lastKnownFileType = text.xcconfig; name = "Pods-SwiftKSKPractice.debug.xcconfig"; path = "Target Support Files/Pods-SwiftKSKPractice/Pods-SwiftKSKPractice.debug.xcconfig"; sourceTree = "<group>"; };
		4AA14373EDA86772E7FC66EB /* Pods_SwiftKSKPractice.framework */ = {isa = PBXFileReference; explicitFileType = wrapper.framework; includeInIndex = 0; path = Pods_SwiftKSKPractice.framework; sourceTree = BUILT_PRODUCTS_DIR; };
		755678282782F6C20092FE1B /* DescriptionCollectionViewCell.swift */ = {isa = PBXFileReference; lastKnownFileType = sourcecode.swift; path = DescriptionCollectionViewCell.swift; sourceTree = "<group>"; };
		755678292782F6C20092FE1B /* DescriptionCollectionViewCell.xib */ = {isa = PBXFileReference; lastKnownFileType = file.xib; path = DescriptionCollectionViewCell.xib; sourceTree = "<group>"; };
		7556782C2782F7370092FE1B /* TitleCollectionReusableView.swift */ = {isa = PBXFileReference; lastKnownFileType = sourcecode.swift; path = TitleCollectionReusableView.swift; sourceTree = "<group>"; };
		7556782D2782F7370092FE1B /* TitleCollectionReusableView.xib */ = {isa = PBXFileReference; lastKnownFileType = file.xib; path = TitleCollectionReusableView.xib; sourceTree = "<group>"; };
		7593D66B2781BD5C0044DC29 /* SwiftKSKPractice.app */ = {isa = PBXFileReference; explicitFileType = wrapper.application; includeInIndex = 0; path = SwiftKSKPractice.app; sourceTree = BUILT_PRODUCTS_DIR; };
		7593D66E2781BD5C0044DC29 /* AppDelegate.swift */ = {isa = PBXFileReference; lastKnownFileType = sourcecode.swift; path = AppDelegate.swift; sourceTree = "<group>"; };
		7593D6702781BD5C0044DC29 /* SceneDelegate.swift */ = {isa = PBXFileReference; lastKnownFileType = sourcecode.swift; path = SceneDelegate.swift; sourceTree = "<group>"; };
		7593D6722781BD5C0044DC29 /* ViewController.swift */ = {isa = PBXFileReference; lastKnownFileType = sourcecode.swift; path = ViewController.swift; sourceTree = "<group>"; };
		7593D6752781BD5C0044DC29 /* Base */ = {isa = PBXFileReference; lastKnownFileType = file.storyboard; name = Base; path = Base.lproj/Main.storyboard; sourceTree = "<group>"; };
		7593D6772781BD5D0044DC29 /* Assets.xcassets */ = {isa = PBXFileReference; lastKnownFileType = folder.assetcatalog; path = Assets.xcassets; sourceTree = "<group>"; };
		7593D67A2781BD5D0044DC29 /* Base */ = {isa = PBXFileReference; lastKnownFileType = file.storyboard; name = Base; path = Base.lproj/LaunchScreen.storyboard; sourceTree = "<group>"; };
		7593D67C2781BD5D0044DC29 /* Info.plist */ = {isa = PBXFileReference; lastKnownFileType = text.plist.xml; path = Info.plist; sourceTree = "<group>"; };
		A172BB6BE30F841DCF342DC3 /* Pods-SwiftKSKPractice.release.xcconfig */ = {isa = PBXFileReference; includeInIndex = 1; lastKnownFileType = text.xcconfig; name = "Pods-SwiftKSKPractice.release.xcconfig"; path = "Target Support Files/Pods-SwiftKSKPractice/Pods-SwiftKSKPractice.release.xcconfig"; sourceTree = "<group>"; };
/* End PBXFileReference section */

/* Begin PBXFrameworksBuildPhase section */
		7593D6682781BD5C0044DC29 /* Frameworks */ = {
			isa = PBXFrameworksBuildPhase;
			buildActionMask = 2147483647;
			files = (
				0B21FFD40980FD88C2E28444 /* Pods_SwiftKSKPractice.framework in Frameworks */,
			);
			runOnlyForDeploymentPostprocessing = 0;
		};
/* End PBXFrameworksBuildPhase section */

/* Begin PBXGroup section */
		281C39A7BE266E8E08AF3B48 /* Pods */ = {
			isa = PBXGroup;
			children = (
				3D33FDFF89F83E24C37A25FB /* Pods-SwiftKSKPractice.debug.xcconfig */,
				A172BB6BE30F841DCF342DC3 /* Pods-SwiftKSKPractice.release.xcconfig */,
			);
			path = Pods;
			sourceTree = "<group>";
		};
		755678272782F6940092FE1B /* collectionViewCells */ = {
			isa = PBXGroup;
			children = (
				755678282782F6C20092FE1B /* DescriptionCollectionViewCell.swift */,
				755678292782F6C20092FE1B /* DescriptionCollectionViewCell.xib */,
				7556782C2782F7370092FE1B /* TitleCollectionReusableView.swift */,
				7556782D2782F7370092FE1B /* TitleCollectionReusableView.xib */,
			);
			path = collectionViewCells;
			sourceTree = "<group>";
		};
		7593D6622781BD5B0044DC29 = {
			isa = PBXGroup;
			children = (
				7593D66D2781BD5C0044DC29 /* SwiftKSKPractice */,
				7593D66C2781BD5C0044DC29 /* Products */,
				281C39A7BE266E8E08AF3B48 /* Pods */,
				EB670E247CB9FF3C46A8C471 /* Frameworks */,
			);
			sourceTree = "<group>";
		};
		7593D66C2781BD5C0044DC29 /* Products */ = {
			isa = PBXGroup;
			children = (
				7593D66B2781BD5C0044DC29 /* SwiftKSKPractice.app */,
			);
			name = Products;
			sourceTree = "<group>";
		};
		7593D66D2781BD5C0044DC29 /* SwiftKSKPractice */ = {
			isa = PBXGroup;
			children = (
				7593D66E2781BD5C0044DC29 /* AppDelegate.swift */,
				7593D6702781BD5C0044DC29 /* SceneDelegate.swift */,
				7593D6722781BD5C0044DC29 /* ViewController.swift */,
				755678272782F6940092FE1B /* collectionViewCells */,
				7593D6742781BD5C0044DC29 /* Main.storyboard */,
				7593D6772781BD5D0044DC29 /* Assets.xcassets */,
				7593D6792781BD5D0044DC29 /* LaunchScreen.storyboard */,
				7593D67C2781BD5D0044DC29 /* Info.plist */,
			);
			path = SwiftKSKPractice;
			sourceTree = "<group>";
		};
		EB670E247CB9FF3C46A8C471 /* Frameworks */ = {
			isa = PBXGroup;
			children = (
				4AA14373EDA86772E7FC66EB /* Pods_SwiftKSKPractice.framework */,
			);
			name = Frameworks;
			sourceTree = "<group>";
		};
/* End PBXGroup section */

/* Begin PBXNativeTarget section */
		7593D66A2781BD5C0044DC29 /* SwiftKSKPractice */ = {
			isa = PBXNativeTarget;
			buildConfigurationList = 7593D67F2781BD5D0044DC29 /* Build configuration list for PBXNativeTarget "SwiftKSKPractice" */;
			buildPhases = (
				CF5AD9B8692CED9E69CD84F7 /* [CP] Check Pods Manifest.lock */,
				7593D6672781BD5C0044DC29 /* Sources */,
				7593D6682781BD5C0044DC29 /* Frameworks */,
				7593D6692781BD5C0044DC29 /* Resources */,
				E0AD35A7C1AB4AF17B862D4D /* [CP] Embed Pods Frameworks */,
			);
			buildRules = (
			);
			dependencies = (
			);
			name = SwiftKSKPractice;
			productName = SwiftKSKPractice;
			productReference = 7593D66B2781BD5C0044DC29 /* SwiftKSKPractice.app */;
			productType = "com.apple.product-type.application";
		};
/* End PBXNativeTarget section */

/* Begin PBXProject section */
		7593D6632781BD5B0044DC29 /* Project object */ = {
			isa = PBXProject;
			attributes = {
				BuildIndependentTargetsInParallel = 1;
				LastSwiftUpdateCheck = 1320;
				LastUpgradeCheck = 1320;
				TargetAttributes = {
					7593D66A2781BD5C0044DC29 = {
						CreatedOnToolsVersion = 13.2.1;
					};
				};
			};
			buildConfigurationList = 7593D6662781BD5B0044DC29 /* Build configuration list for PBXProject "SwiftKSKPractice" */;
			compatibilityVersion = "Xcode 13.0";
			developmentRegion = en;
			hasScannedForEncodings = 0;
			knownRegions = (
				en,
				Base,
			);
			mainGroup = 7593D6622781BD5B0044DC29;
			productRefGroup = 7593D66C2781BD5C0044DC29 /* Products */;
			projectDirPath = "";
			projectRoot = "";
			targets = (
				7593D66A2781BD5C0044DC29 /* SwiftKSKPractice */,
			);
		};
/* End PBXProject section */

/* Begin PBXResourcesBuildPhase section */
		7593D6692781BD5C0044DC29 /* Resources */ = {
			isa = PBXResourcesBuildPhase;
			buildActionMask = 2147483647;
			files = (
				7556782F2782F7370092FE1B /* TitleCollectionReusableView.xib in Resources */,
				7593D67B2781BD5D0044DC29 /* LaunchScreen.storyboard in Resources */,
				7593D6782781BD5D0044DC29 /* Assets.xcassets in Resources */,
				7593D6762781BD5C0044DC29 /* Main.storyboard in Resources */,
				7556782B2782F6C20092FE1B /* DescriptionCollectionViewCell.xib in Resources */,
			);
			runOnlyForDeploymentPostprocessing = 0;
		};
/* End PBXResourcesBuildPhase section */

/* Begin PBXShellScriptBuildPhase section */
		CF5AD9B8692CED9E69CD84F7 /* [CP] Check Pods Manifest.lock */ = {
			isa = PBXShellScriptBuildPhase;
			buildActionMask = 2147483647;
			files = (
			);
			inputFileListPaths = (
			);
			inputPaths = (
				"${PODS_PODFILE_DIR_PATH}/Podfile.lock",
				"${PODS_ROOT}/Manifest.lock",
			);
			name = "[CP] Check Pods Manifest.lock";
			outputFileListPaths = (
			);
			outputPaths = (
				"$(DERIVED_FILE_DIR)/Pods-SwiftKSKPractice-checkManifestLockResult.txt",
			);
			runOnlyForDeploymentPostprocessing = 0;
			shellPath = /bin/sh;
			shellScript = "diff \"${PODS_PODFILE_DIR_PATH}/Podfile.lock\" \"${PODS_ROOT}/Manifest.lock\" > /dev/null\nif [ $? != 0 ] ; then\n    # print error to STDERR\n    echo \"error: The sandbox is not in sync with the Podfile.lock. Run 'pod install' or update your CocoaPods installation.\" >&2\n    exit 1\nfi\n# This output is used by Xcode 'outputs' to avoid re-running this script phase.\necho \"SUCCESS\" > \"${SCRIPT_OUTPUT_FILE_0}\"\n";
			showEnvVarsInLog = 0;
		};
		E0AD35A7C1AB4AF17B862D4D /* [CP] Embed Pods Frameworks */ = {
			isa = PBXShellScriptBuildPhase;
			buildActionMask = 2147483647;
			files = (
			);
			inputFileListPaths = (
				"${PODS_ROOT}/Target Support Files/Pods-SwiftKSKPractice/Pods-SwiftKSKPractice-frameworks-${CONFIGURATION}-input-files.xcfilelist",
			);
			name = "[CP] Embed Pods Frameworks";
			outputFileListPaths = (
				"${PODS_ROOT}/Target Support Files/Pods-SwiftKSKPractice/Pods-SwiftKSKPractice-frameworks-${CONFIGURATION}-output-files.xcfilelist",
			);
			runOnlyForDeploymentPostprocessing = 0;
			shellPath = /bin/sh;
			shellScript = "\"${PODS_ROOT}/Target Support Files/Pods-SwiftKSKPractice/Pods-SwiftKSKPractice-frameworks.sh\"\n";
			showEnvVarsInLog = 0;
		};
/* End PBXShellScriptBuildPhase section */

/* Begin PBXSourcesBuildPhase section */
		7593D6672781BD5C0044DC29 /* Sources */ = {
			isa = PBXSourcesBuildPhase;
			buildActionMask = 2147483647;
			files = (
				7556782E2782F7370092FE1B /* TitleCollectionReusableView.swift in Sources */,
				7593D6732781BD5C0044DC29 /* ViewController.swift in Sources */,
				7556782A2782F6C20092FE1B /* DescriptionCollectionViewCell.swift in Sources */,
				7593D66F2781BD5C0044DC29 /* AppDelegate.swift in Sources */,
				7593D6712781BD5C0044DC29 /* SceneDelegate.swift in Sources */,
			);
			runOnlyForDeploymentPostprocessing = 0;
		};
/* End PBXSourcesBuildPhase section */

/* Begin PBXVariantGroup section */
		7593D6742781BD5C0044DC29 /* Main.storyboard */ = {
			isa = PBXVariantGroup;
			children = (
				7593D6752781BD5C0044DC29 /* Base */,
			);
			name = Main.storyboard;
			sourceTree = "<group>";
		};
		7593D6792781BD5D0044DC29 /* LaunchScreen.storyboard */ = {
			isa = PBXVariantGroup;
			children = (
				7593D67A2781BD5D0044DC29 /* Base */,
			);
			name = LaunchScreen.storyboard;
			sourceTree = "<group>";
		};
/* End PBXVariantGroup section */

/* Begin XCBuildConfiguration section */
		7593D67D2781BD5D0044DC29 /* Debug */ = {
			isa = XCBuildConfiguration;
			buildSettings = {
				ALWAYS_SEARCH_USER_PATHS = NO;
				CLANG_ANALYZER_NONNULL = YES;
				CLANG_ANALYZER_NUMBER_OBJECT_CONVERSION = YES_AGGRESSIVE;
				CLANG_CXX_LANGUAGE_STANDARD = "gnu++17";
				CLANG_CXX_LIBRARY = "libc++";
				CLANG_ENABLE_MODULES = YES;
				CLANG_ENABLE_OBJC_ARC = YES;
				CLANG_ENABLE_OBJC_WEAK = YES;
				CLANG_WARN_BLOCK_CAPTURE_AUTORELEASING = YES;
				CLANG_WARN_BOOL_CONVERSION = YES;
				CLANG_WARN_COMMA = YES;
				CLANG_WARN_CONSTANT_CONVERSION = YES;
				CLANG_WARN_DEPRECATED_OBJC_IMPLEMENTATIONS = YES;
				CLANG_WARN_DIRECT_OBJC_ISA_USAGE = YES_ERROR;
				CLANG_WARN_DOCUMENTATION_COMMENTS = YES;
				CLANG_WARN_EMPTY_BODY = YES;
				CLANG_WARN_ENUM_CONVERSION = YES;
				CLANG_WARN_INFINITE_RECURSION = YES;
				CLANG_WARN_INT_CONVERSION = YES;
				CLANG_WARN_NON_LITERAL_NULL_CONVERSION = YES;
				CLANG_WARN_OBJC_IMPLICIT_RETAIN_SELF = YES;
				CLANG_WARN_OBJC_LITERAL_CONVERSION = YES;
				CLANG_WARN_OBJC_ROOT_CLASS = YES_ERROR;
				CLANG_WARN_QUOTED_INCLUDE_IN_FRAMEWORK_HEADER = YES;
				CLANG_WARN_RANGE_LOOP_ANALYSIS = YES;
				CLANG_WARN_STRICT_PROTOTYPES = YES;
				CLANG_WARN_SUSPICIOUS_MOVE = YES;
				CLANG_WARN_UNGUARDED_AVAILABILITY = YES_AGGRESSIVE;
				CLANG_WARN_UNREACHABLE_CODE = YES;
				CLANG_WARN__DUPLICATE_METHOD_MATCH = YES;
				COPY_PHASE_STRIP = NO;
				DEBUG_INFORMATION_FORMAT = dwarf;
				ENABLE_STRICT_OBJC_MSGSEND = YES;
				ENABLE_TESTABILITY = YES;
				GCC_C_LANGUAGE_STANDARD = gnu11;
				GCC_DYNAMIC_NO_PIC = NO;
				GCC_NO_COMMON_BLOCKS = YES;
				GCC_OPTIMIZATION_LEVEL = 0;
				GCC_PREPROCESSOR_DEFINITIONS = (
					"DEBUG=1",
					"$(inherited)",
				);
				GCC_WARN_64_TO_32_BIT_CONVERSION = YES;
				GCC_WARN_ABOUT_RETURN_TYPE = YES_ERROR;
				GCC_WARN_UNDECLARED_SELECTOR = YES;
				GCC_WARN_UNINITIALIZED_AUTOS = YES_AGGRESSIVE;
				GCC_WARN_UNUSED_FUNCTION = YES;
				GCC_WARN_UNUSED_VARIABLE = YES;
				IPHONEOS_DEPLOYMENT_TARGET = 15.2;
				MTL_ENABLE_DEBUG_INFO = INCLUDE_SOURCE;
				MTL_FAST_MATH = YES;
				ONLY_ACTIVE_ARCH = YES;
				SDKROOT = iphoneos;
				SWIFT_ACTIVE_COMPILATION_CONDITIONS = DEBUG;
				SWIFT_OPTIMIZATION_LEVEL = "-Onone";
			};
			name = Debug;
		};
		7593D67E2781BD5D0044DC29 /* Release */ = {
			isa = XCBuildConfiguration;
			buildSettings = {
				ALWAYS_SEARCH_USER_PATHS = NO;
				CLANG_ANALYZER_NONNULL = YES;
				CLANG_ANALYZER_NUMBER_OBJECT_CONVERSION = YES_AGGRESSIVE;
				CLANG_CXX_LANGUAGE_STANDARD = "gnu++17";
				CLANG_CXX_LIBRARY = "libc++";
				CLANG_ENABLE_MODULES = YES;
				CLANG_ENABLE_OBJC_ARC = YES;
				CLANG_ENABLE_OBJC_WEAK = YES;
				CLANG_WARN_BLOCK_CAPTURE_AUTORELEASING = YES;
				CLANG_WARN_BOOL_CONVERSION = YES;
				CLANG_WARN_COMMA = YES;
				CLANG_WARN_CONSTANT_CONVERSION = YES;
				CLANG_WARN_DEPRECATED_OBJC_IMPLEMENTATIONS = YES;
				CLANG_WARN_DIRECT_OBJC_ISA_USAGE = YES_ERROR;
				CLANG_WARN_DOCUMENTATION_COMMENTS = YES;
				CLANG_WARN_EMPTY_BODY = YES;
				CLANG_WARN_ENUM_CONVERSION = YES;
				CLANG_WARN_INFINITE_RECURSION = YES;
				CLANG_WARN_INT_CONVERSION = YES;
				CLANG_WARN_NON_LITERAL_NULL_CONVERSION = YES;
				CLANG_WARN_OBJC_IMPLICIT_RETAIN_SELF = YES;
				CLANG_WARN_OBJC_LITERAL_CONVERSION = YES;
				CLANG_WARN_OBJC_ROOT_CLASS = YES_ERROR;
				CLANG_WARN_QUOTED_INCLUDE_IN_FRAMEWORK_HEADER = YES;
				CLANG_WARN_RANGE_LOOP_ANALYSIS = YES;
				CLANG_WARN_STRICT_PROTOTYPES = YES;
				CLANG_WARN_SUSPICIOUS_MOVE = YES;
				CLANG_WARN_UNGUARDED_AVAILABILITY = YES_AGGRESSIVE;
				CLANG_WARN_UNREACHABLE_CODE = YES;
				CLANG_WARN__DUPLICATE_METHOD_MATCH = YES;
				COPY_PHASE_STRIP = NO;
				DEBUG_INFORMATION_FORMAT = "dwarf-with-dsym";
				ENABLE_NS_ASSERTIONS = NO;
				ENABLE_STRICT_OBJC_MSGSEND = YES;
				GCC_C_LANGUAGE_STANDARD = gnu11;
				GCC_NO_COMMON_BLOCKS = YES;
				GCC_WARN_64_TO_32_BIT_CONVERSION = YES;
				GCC_WARN_ABOUT_RETURN_TYPE = YES_ERROR;
				GCC_WARN_UNDECLARED_SELECTOR = YES;
				GCC_WARN_UNINITIALIZED_AUTOS = YES_AGGRESSIVE;
				GCC_WARN_UNUSED_FUNCTION = YES;
				GCC_WARN_UNUSED_VARIABLE = YES;
				IPHONEOS_DEPLOYMENT_TARGET = 15.2;
				MTL_ENABLE_DEBUG_INFO = NO;
				MTL_FAST_MATH = YES;
				SDKROOT = iphoneos;
				SWIFT_COMPILATION_MODE = wholemodule;
				SWIFT_OPTIMIZATION_LEVEL = "-O";
				VALIDATE_PRODUCT = YES;
			};
			name = Release;
		};
		7593D6802781BD5D0044DC29 /* Debug */ = {
			isa = XCBuildConfiguration;
			baseConfigurationReference = 3D33FDFF89F83E24C37A25FB /* Pods-SwiftKSKPractice.debug.xcconfig */;
			buildSettings = {
				ASSETCATALOG_COMPILER_APPICON_NAME = AppIcon;
				ASSETCATALOG_COMPILER_GLOBAL_ACCENT_COLOR_NAME = AccentColor;
				CODE_SIGN_STYLE = Automatic;
				CURRENT_PROJECT_VERSION = 1;
				GENERATE_INFOPLIST_FILE = YES;
				INFOPLIST_FILE = SwiftKSKPractice/Info.plist;
				INFOPLIST_KEY_UIApplicationSupportsIndirectInputEvents = YES;
				INFOPLIST_KEY_UILaunchStoryboardName = LaunchScreen;
				INFOPLIST_KEY_UIMainStoryboardFile = Main;
				INFOPLIST_KEY_UISupportedInterfaceOrientations_iPad = "UIInterfaceOrientationPortrait UIInterfaceOrientationPortraitUpsideDown UIInterfaceOrientationLandscapeLeft UIInterfaceOrientationLandscapeRight";
				INFOPLIST_KEY_UISupportedInterfaceOrientations_iPhone = "UIInterfaceOrientationPortrait UIInterfaceOrientationLandscapeLeft UIInterfaceOrientationLandscapeRight";
				IPHONEOS_DEPLOYMENT_TARGET = 13.0;
				LD_RUNPATH_SEARCH_PATHS = (
					"$(inherited)",
					"@executable_path/Frameworks",
				);
				MARKETING_VERSION = 1.0;
				PRODUCT_BUNDLE_IDENTIFIER = SK.SwiftKSKPractice;
				PRODUCT_NAME = "$(TARGET_NAME)";
				SWIFT_EMIT_LOC_STRINGS = YES;
				SWIFT_VERSION = 5.0;
				TARGETED_DEVICE_FAMILY = "1,2";
			};
			name = Debug;
		};
		7593D6812781BD5D0044DC29 /* Release */ = {
			isa = XCBuildConfiguration;
			baseConfigurationReference = A172BB6BE30F841DCF342DC3 /* Pods-SwiftKSKPractice.release.xcconfig */;
			buildSettings = {
				ASSETCATALOG_COMPILER_APPICON_NAME = AppIcon;
				ASSETCATALOG_COMPILER_GLOBAL_ACCENT_COLOR_NAME = AccentColor;
				CODE_SIGN_STYLE = Automatic;
				CURRENT_PROJECT_VERSION = 1;
				GENERATE_INFOPLIST_FILE = YES;
				INFOPLIST_FILE = SwiftKSKPractice/Info.plist;
				INFOPLIST_KEY_UIApplicationSupportsIndirectInputEvents = YES;
				INFOPLIST_KEY_UILaunchStoryboardName = LaunchScreen;
				INFOPLIST_KEY_UIMainStoryboardFile = Main;
				INFOPLIST_KEY_UISupportedInterfaceOrientations_iPad = "UIInterfaceOrientationPortrait UIInterfaceOrientationPortraitUpsideDown UIInterfaceOrientationLandscapeLeft UIInterfaceOrientationLandscapeRight";
				INFOPLIST_KEY_UISupportedInterfaceOrientations_iPhone = "UIInterfaceOrientationPortrait UIInterfaceOrientationLandscapeLeft UIInterfaceOrientationLandscapeRight";
				IPHONEOS_DEPLOYMENT_TARGET = 13.0;
				LD_RUNPATH_SEARCH_PATHS = (
					"$(inherited)",
					"@executable_path/Frameworks",
				);
				MARKETING_VERSION = 1.0;
				PRODUCT_BUNDLE_IDENTIFIER = SK.SwiftKSKPractice;
				PRODUCT_NAME = "$(TARGET_NAME)";
				SWIFT_EMIT_LOC_STRINGS = YES;
				SWIFT_VERSION = 5.0;
				TARGETED_DEVICE_FAMILY = "1,2";
			};
			name = Release;
		};
/* End XCBuildConfiguration section */

/* Begin XCConfigurationList section */
		7593D6662781BD5B0044DC29 /* Build configuration list for PBXProject "SwiftKSKPractice" */ = {
			isa = XCConfigurationList;
			buildConfigurations = (
				7593D67D2781BD5D0044DC29 /* Debug */,
				7593D67E2781BD5D0044DC29 /* Release */,
			);
			defaultConfigurationIsVisible = 0;
			defaultConfigurationName = Release;
		};
		7593D67F2781BD5D0044DC29 /* Build configuration list for PBXNativeTarget "SwiftKSKPractice" */ = {
			isa = XCConfigurationList;
			buildConfigurations = (
				7593D6802781BD5D0044DC29 /* Debug */,
				7593D6812781BD5D0044DC29 /* Release */,
			);
			defaultConfigurationIsVisible = 0;
			defaultConfigurationName = Release;
		};
/* End XCConfigurationList section */
	};
	rootObject = 7593D6632781BD5B0044DC29 /* Project object */;
}
